{
	"name": "sabeur-base-js",
	"version": "1.0.0",
	"lockfileVersion": 1,
	"requires": true,
	"dependencies": {
		"@stimulus/core": {
			"version": "0.9.0",
			"resolved": "https://registry.npmjs.org/@stimulus/core/-/core-0.9.0.tgz",
			"integrity": "sha512-EF5CQSyJW2+NwbsgN25ovYaQFEa8BBS1pDmvNQP+WhJnGJ46mp5zlc1cDnrYiic1LwM3EPG4yZpyWiuamWzmAA==",
			"requires": {
				"@stimulus/mutation-observers": "0.9.0"
			}
		},
		"@stimulus/multimap": {
			"version": "0.9.0",
			"resolved": "https://registry.npmjs.org/@stimulus/multimap/-/multimap-0.9.0.tgz",
			"integrity": "sha512-cH38w+peiR6dMPN0bRJttNYatOs2aSussM4A8T27VNX9oVn5ZMVfPi7POnmDtPXzd8x3F6jpWoP8HkbzkqaPFw=="
		},
		"@stimulus/mutation-observers": {
			"version": "0.9.0",
			"resolved": "https://registry.npmjs.org/@stimulus/mutation-observers/-/mutation-observers-0.9.0.tgz",
			"integrity": "sha512-972LRWrG+7rqaMeuNfjSSdsldD9sQUuBBeBDhpVVR0enYoyu/jtB8IvtKQV5kEKj6Uh/OwQvjZ2rfxTXyTGLeQ==",
			"requires": {
				"@stimulus/multimap": "0.9.0"
			}
		},
		"@stimulus/webpack-helpers": {
			"version": "0.9.0",
			"resolved": "https://registry.npmjs.org/@stimulus/webpack-helpers/-/webpack-helpers-0.9.0.tgz",
			"integrity": "sha512-tNR1sxjxw7x+xyIFj6A2jwdAl3TUoauQyxzwQ+lJYrFCEbIu7lINC6pI9PKtRzBjU8D5xCeFxF+Wx6MM3Mco7g=="
		},
		"babel-polyfill": {
			"version": "6.26.0",
			"resolved": "https://registry.npmjs.org/babel-polyfill/-/babel-polyfill-6.26.0.tgz",
			"integrity": "sha1-N5k3q8Z9eJWXCtxiHyhM2WbPIVM=",
			"requires": {
				"babel-runtime": "6.26.0",
				"core-js": "2.5.3",
				"regenerator-runtime": "0.10.5"
			},
			"dependencies": {
				"regenerator-runtime": {
					"version": "0.10.5",
					"resolved": "https://registry.npmjs.org/regenerator-runtime/-/regenerator-runtime-0.10.5.tgz",
					"integrity": "sha1-M2w+/BIgrc7dosn6tntaeVWjNlg="
				}
			}
		},
		"babel-runtime": {
			"version": "6.26.0",
			"resolved": "https://registry.npmjs.org/babel-runtime/-/babel-runtime-6.26.0.tgz",
			"integrity": "sha1-llxwWGaOgrVde/4E/yM3vItWR/4=",
			"requires": {
				"core-js": "2.5.3",
				"regenerator-runtime": "0.11.1"
			}
		},
		"core-js": {
			"version": "2.5.3",
			"resolved": "https://registry.npmjs.org/core-js/-/core-js-2.5.3.tgz",
			"integrity": "sha1-isw4NFgk8W2DZbfJtCWRaOjtYD4="
		},
		"regenerator-runtime": {
			"version": "0.11.1",
			"resolved": "https://registry.npmjs.org/regenerator-runtime/-/regenerator-runtime-0.11.1.tgz",
			"integrity": "sha512-MguG95oij0fC3QV3URf4V2SDYGJhJnJGqvIIgdECeODCT98wSWDAJ94SSuVpYQUoTcGUIL6L4yNB7j1DFFHSBg=="
		},
		"stimulus": {
			"version": "0.9.0",
			"resolved": "https://registry.npmjs.org/stimulus/-/stimulus-0.9.0.tgz",
			"integrity": "sha512-DvYtBZgPWhT1+EF/W56sYtcqSsicOtozkam/BNfIR9+w5QToWr4zNXTFUCas3PTb83oLDWPnh14inpHGYbrr7Q==",
			"requires": {
				"@stimulus/core": "0.9.0",
				"@stimulus/webpack-helpers": "0.9.0"
			}
		}
	}
}
